
Microsoft Visual Studio Solution File, Format Version 12.00
# Visual Studio Version 17
VisualStudioVersion = 17.5.33627.172
MinimumVisualStudioVersion = 10.0.40219.1
Project("{9A19103F-16F7-4668-BE54-9A1E7A4F7556}") = "ABigStick", "ABigStick.csproj", "{F1D2860C-2E24-4AC3-9160-3201AC861048}"
EndProject
Global
	GlobalSection(SolutionConfigurationPlatforms) = preSolution
		Debug|Any CPU = Debug|Any CPU
		Release|Any CPU = Release|Any CPU
	EndGlobalSection
	GlobalSection(ProjectConfigurationPlatforms) = postSolution
		{F1D2860C-2E24-4AC3-9160-3201AC861048}.Debug|Any CPU.ActiveCfg = Debug|Any CPU
		{F1D2860C-2E24-4AC3-9160-3201AC861048}.Debug|Any CPU.Build.0 = Debug|Any CPU
		{F1D2860C-2E24-4AC3-9160-3201AC861048}.Release|Any CPU.ActiveCfg = Release|Any CPU
		{F1D2860C-2E24-4AC3-9160-3201AC861048}.Release|Any CPU.Build.0 = Release|Any CPU
	EndGlobalSection
	GlobalSection(SolutionProperties) = preSolution
		HideSolutionNode = FALSE
	EndGlobalSection
	GlobalSection(ExtensibilityGlobals) = postSolution
		SolutionGuid = {3299CA5C-6021-40F6-8D06-36192B1E8FA3}
	EndGlobalSection
EndGlobal
